
Microsoft Visual Studio Solution File, Format Version 12.00
# Visual Studio 14
VisualStudioVersion = 14.0.23107.0
MinimumVisualStudioVersion = 10.0.40219.1
Project("{FAE04EC0-301F-11D3-BF4B-00C04F79EFBC}") = "WebService SCA", "WebService SCA\WebService SCA.csproj", "{4004CCCF-6A8D-4D11-B7E0-B02DAF82ABE4}"
EndProject
Project("{FAE04EC0-301F-11D3-BF4B-00C04F79EFBC}") = "ConnectionDLL", "Connection\ConnectionDLL.csproj", "{1F9FF2EB-C4AC-40DD-873D-6402EC368F1D}"
EndProject
Global
	GlobalSection(SolutionConfigurationPlatforms) = preSolution
		Debug|Any CPU = Debug|Any CPU
		Release|Any CPU = Release|Any CPU
	EndGlobalSection
	GlobalSection(ProjectConfigurationPlatforms) = postSolution
		{4004CCCF-6A8D-4D11-B7E0-B02DAF82ABE4}.Debug|Any CPU.ActiveCfg = Debug|Any CPU
		{4004CCCF-6A8D-4D11-B7E0-B02DAF82ABE4}.Debug|Any CPU.Build.0 = Debug|Any CPU
		{4004CCCF-6A8D-4D11-B7E0-B02DAF82ABE4}.Release|Any CPU.ActiveCfg = Release|Any CPU
		{4004CCCF-6A8D-4D11-B7E0-B02DAF82ABE4}.Release|Any CPU.Build.0 = Release|Any CPU
		{1F9FF2EB-C4AC-40DD-873D-6402EC368F1D}.Debug|Any CPU.ActiveCfg = Debug|Any CPU
		{1F9FF2EB-C4AC-40DD-873D-6402EC368F1D}.Debug|Any CPU.Build.0 = Debug|Any CPU
		{1F9FF2EB-C4AC-40DD-873D-6402EC368F1D}.Release|Any CPU.ActiveCfg = Release|Any CPU
		{1F9FF2EB-C4AC-40DD-873D-6402EC368F1D}.Release|Any CPU.Build.0 = Release|Any CPU
	EndGlobalSection
	GlobalSection(SolutionProperties) = preSolution
		HideSolutionNode = FALSE
	EndGlobalSection
EndGlobal
